
Microsoft Visual Studio Solution File, Format Version 12.00
# Visual Studio Version 16
VisualStudioVersion = 16.0.30907.101
MinimumVisualStudioVersion = 10.0.40219.1
Project("{9A19103F-16F7-4668-BE54-9A1E7A4F7556}") = "Entities", "Entities\Entities.csproj", "{BDB045DE-6A46-4088-AFB0-FA5FD07A6875}"
EndProject
Project("{9A19103F-16F7-4668-BE54-9A1E7A4F7556}") = "DataAccess", "DataAccess\DataAccess.csproj", "{6C97540B-9B8B-4614-BFB8-72C602EC0E93}"
EndProject
Project("{9A19103F-16F7-4668-BE54-9A1E7A4F7556}") = "Business", "Business\Business.csproj", "{928F33D2-A29F-4FC1-99F5-F2785C7CBF31}"
EndProject
Project("{9A19103F-16F7-4668-BE54-9A1E7A4F7556}") = "ConsoleUI", "ConsoleUI\ConsoleUI.csproj", "{44FF5685-A489-410C-8E4D-40B0B14DDCE9}"
EndProject
Project("{00D1A9C2-B5F0-4AF3-8072-F6C62B433612}") = "CarRental", "CarRental\CarRental.sqlproj", "{7A1C7436-D44B-4F08-AF8A-70A3B6AD82A9}"
EndProject
Project("{FAE04EC0-301F-11D3-BF4B-00C04F79EFBC}") = "Core", "Core\Core.csproj", "{1E975FB8-DA9F-44A8-AA10-4765D94C76AC}"
EndProject
Global
	GlobalSection(SolutionConfigurationPlatforms) = preSolution
		Debug|Any CPU = Debug|Any CPU
		Release|Any CPU = Release|Any CPU
	EndGlobalSection
	GlobalSection(ProjectConfigurationPlatforms) = postSolution
		{BDB045DE-6A46-4088-AFB0-FA5FD07A6875}.Debug|Any CPU.ActiveCfg = Debug|Any CPU
		{BDB045DE-6A46-4088-AFB0-FA5FD07A6875}.Debug|Any CPU.Build.0 = Debug|Any CPU
		{BDB045DE-6A46-4088-AFB0-FA5FD07A6875}.Release|Any CPU.ActiveCfg = Release|Any CPU
		{BDB045DE-6A46-4088-AFB0-FA5FD07A6875}.Release|Any CPU.Build.0 = Release|Any CPU
		{6C97540B-9B8B-4614-BFB8-72C602EC0E93}.Debug|Any CPU.ActiveCfg = Debug|Any CPU
		{6C97540B-9B8B-4614-BFB8-72C602EC0E93}.Debug|Any CPU.Build.0 = Debug|Any CPU
		{6C97540B-9B8B-4614-BFB8-72C602EC0E93}.Release|Any CPU.ActiveCfg = Release|Any CPU
		{6C97540B-9B8B-4614-BFB8-72C602EC0E93}.Release|Any CPU.Build.0 = Release|Any CPU
		{928F33D2-A29F-4FC1-99F5-F2785C7CBF31}.Debug|Any CPU.ActiveCfg = Debug|Any CPU
		{928F33D2-A29F-4FC1-99F5-F2785C7CBF31}.Debug|Any CPU.Build.0 = Debug|Any CPU
		{928F33D2-A29F-4FC1-99F5-F2785C7CBF31}.Release|Any CPU.ActiveCfg = Release|Any CPU
		{928F33D2-A29F-4FC1-99F5-F2785C7CBF31}.Release|Any CPU.Build.0 = Release|Any CPU
		{44FF5685-A489-410C-8E4D-40B0B14DDCE9}.Debug|Any CPU.ActiveCfg = Debug|Any CPU
		{44FF5685-A489-410C-8E4D-40B0B14DDCE9}.Debug|Any CPU.Build.0 = Debug|Any CPU
		{44FF5685-A489-410C-8E4D-40B0B14DDCE9}.Release|Any CPU.ActiveCfg = Release|Any CPU
		{44FF5685-A489-410C-8E4D-40B0B14DDCE9}.Release|Any CPU.Build.0 = Release|Any CPU
		{7A1C7436-D44B-4F08-AF8A-70A3B6AD82A9}.Debug|Any CPU.ActiveCfg = Debug|Any CPU
		{7A1C7436-D44B-4F08-AF8A-70A3B6AD82A9}.Debug|Any CPU.Build.0 = Debug|Any CPU
		{7A1C7436-D44B-4F08-AF8A-70A3B6AD82A9}.Debug|Any CPU.Deploy.0 = Debug|Any CPU
		{7A1C7436-D44B-4F08-AF8A-70A3B6AD82A9}.Release|Any CPU.ActiveCfg = Release|Any CPU
		{7A1C7436-D44B-4F08-AF8A-70A3B6AD82A9}.Release|Any CPU.Build.0 = Release|Any CPU
		{7A1C7436-D44B-4F08-AF8A-70A3B6AD82A9}.Release|Any CPU.Deploy.0 = Release|Any CPU
		{1E975FB8-DA9F-44A8-AA10-4765D94C76AC}.Debug|Any CPU.ActiveCfg = Debug|Any CPU
		{1E975FB8-DA9F-44A8-AA10-4765D94C76AC}.Debug|Any CPU.Build.0 = Debug|Any CPU
		{1E975FB8-DA9F-44A8-AA10-4765D94C76AC}.Release|Any CPU.ActiveCfg = Release|Any CPU
		{1E975FB8-DA9F-44A8-AA10-4765D94C76AC}.Release|Any CPU.Build.0 = Release|Any CPU
	EndGlobalSection
	GlobalSection(SolutionProperties) = preSolution
		HideSolutionNode = FALSE
	EndGlobalSection
	GlobalSection(ExtensibilityGlobals) = postSolution
		SolutionGuid = {912CE5CA-E512-4274-8D95-0B4E83E5D97A}
	EndGlobalSection
EndGlobal
